
Microsoft Visual Studio Solution File, Format Version 12.00
# Visual Studio Version 16
VisualStudioVersion = 16.0.30523.141
MinimumVisualStudioVersion = 10.0.40219.1
Project("{FAE04EC0-301F-11D3-BF4B-00C04F79EFBC}") = "CarNotes", "CarNotes\CarNotes.csproj", "{5E8716D2-7442-4F3F-9A7C-25D4A65E2B6C}"
EndProject
Global
	GlobalSection(SolutionConfigurationPlatforms) = preSolution
		Debug|Any CPU = Debug|Any CPU
		Release|Any CPU = Release|Any CPU
	EndGlobalSection
	GlobalSection(ProjectConfigurationPlatforms) = postSolution
		{5E8716D2-7442-4F3F-9A7C-25D4A65E2B6C}.Debug|Any CPU.ActiveCfg = Debug|Any CPU
		{5E8716D2-7442-4F3F-9A7C-25D4A65E2B6C}.Debug|Any CPU.Build.0 = Debug|Any CPU
		{5E8716D2-7442-4F3F-9A7C-25D4A65E2B6C}.Release|Any CPU.ActiveCfg = Release|Any CPU
		{5E8716D2-7442-4F3F-9A7C-25D4A65E2B6C}.Release|Any CPU.Build.0 = Release|Any CPU
	EndGlobalSection
	GlobalSection(SolutionProperties) = preSolution
		HideSolutionNode = FALSE
	EndGlobalSection
	GlobalSection(ExtensibilityGlobals) = postSolution
		SolutionGuid = {08EF4C10-EAD6-4849-AF26-85F1CF581E26}
	EndGlobalSection
EndGlobal
